
Microsoft Visual Studio Solution File, Format Version 12.00
# Visual Studio 14
VisualStudioVersion = 14.0.25420.1
MinimumVisualStudioVersion = 10.0.40219.1
Project("{FAE04EC0-301F-11D3-BF4B-00C04F79EFBC}") = "Greetings", "Greetings\Greetings\Greetings.csproj", "{727BF566-A4B2-4024-8FE7-2CB8858D213B}"
EndProject
Project("{FAE04EC0-301F-11D3-BF4B-00C04F79EFBC}") = "Greetings.Droid", "Greetings\Greetings.Droid\Greetings.Droid.csproj", "{0D880927-B824-4B2E-984A-87E8E679DBD6}"
EndProject
Project("{FAE04EC0-301F-11D3-BF4B-00C04F79EFBC}") = "Greetings.iOS", "Greetings\Greetings.iOS\Greetings.iOS.csproj", "{BB15B18F-77FC-4791-A068-EC59BEA960A1}"
EndProject
Project("{FAE04EC0-301F-11D3-BF4B-00C04F79EFBC}") = "Greetings.Windows", "Greetings\Greetings.Windows\Greetings.Windows.csproj", "{6C157988-4699-4482-9B2D-069E9E85238E}"
EndProject
Project("{FAE04EC0-301F-11D3-BF4B-00C04F79EFBC}") = "Greetings.WinPhone", "Greetings\Greetings.WinPhone\Greetings.WinPhone.csproj", "{5111A35E-3894-43BC-ACD5-152D5A716B52}"
EndProject
Global
	GlobalSection(SolutionConfigurationPlatforms) = preSolution
		Ad-Hoc|Any CPU = Ad-Hoc|Any CPU
		Ad-Hoc|ARM = Ad-Hoc|ARM
		Ad-Hoc|iPhone = Ad-Hoc|iPhone
		Ad-Hoc|iPhoneSimulator = Ad-Hoc|iPhoneSimulator
		Ad-Hoc|x64 = Ad-Hoc|x64
		Ad-Hoc|x86 = Ad-Hoc|x86
		AppStore|Any CPU = AppStore|Any CPU
		AppStore|ARM = AppStore|ARM
		AppStore|iPhone = AppStore|iPhone
		AppStore|iPhoneSimulator = AppStore|iPhoneSimulator
		AppStore|x64 = AppStore|x64
		AppStore|x86 = AppStore|x86
		Debug|Any CPU = Debug|Any CPU
		Debug|ARM = Debug|ARM
		Debug|iPhone = Debug|iPhone
		Debug|iPhoneSimulator = Debug|iPhoneSimulator
		Debug|x64 = Debug|x64
		Debug|x86 = Debug|x86
		Release|Any CPU = Release|Any CPU
		Release|ARM = Release|ARM
		Release|iPhone = Release|iPhone
		Release|iPhoneSimulator = Release|iPhoneSimulator
		Release|x64 = Release|x64
		Release|x86 = Release|x86
	EndGlobalSection
	GlobalSection(ProjectConfigurationPlatforms) = postSolution
		{727BF566-A4B2-4024-8FE7-2CB8858D213B}.Ad-Hoc|Any CPU.ActiveCfg = Release|Any CPU
		{727BF566-A4B2-4024-8FE7-2CB8858D213B}.Ad-Hoc|Any CPU.Build.0 = Release|Any CPU
		{727BF566-A4B2-4024-8FE7-2CB8858D213B}.Ad-Hoc|ARM.ActiveCfg = Release|Any CPU
		{727BF566-A4B2-4024-8FE7-2CB8858D213B}.Ad-Hoc|ARM.Build.0 = Release|Any CPU
		{727BF566-A4B2-4024-8FE7-2CB8858D213B}.Ad-Hoc|iPhone.ActiveCfg = Release|Any CPU
		{727BF566-A4B2-4024-8FE7-2CB8858D213B}.Ad-Hoc|iPhone.Build.0 = Release|Any CPU
		{727BF566-A4B2-4024-8FE7-2CB8858D213B}.Ad-Hoc|iPhoneSimulator.ActiveCfg = Release|Any CPU
		{727BF566-A4B2-4024-8FE7-2CB8858D213B}.Ad-Hoc|iPhoneSimulator.Build.0 = Release|Any CPU
		{727BF566-A4B2-4024-8FE7-2CB8858D213B}.Ad-Hoc|x64.ActiveCfg = Release|Any CPU
		{727BF566-A4B2-4024-8FE7-2CB8858D213B}.Ad-Hoc|x64.Build.0 = Release|Any CPU
		{727BF566-A4B2-4024-8FE7-2CB8858D213B}.Ad-Hoc|x86.ActiveCfg = Release|Any CPU
		{727BF566-A4B2-4024-8FE7-2CB8858D213B}.Ad-Hoc|x86.Build.0 = Release|Any CPU
		{727BF566-A4B2-4024-8FE7-2CB8858D213B}.AppStore|Any CPU.ActiveCfg = Release|Any CPU
		{727BF566-A4B2-4024-8FE7-2CB8858D213B}.AppStore|Any CPU.Build.0 = Release|Any CPU
		{727BF566-A4B2-4024-8FE7-2CB8858D213B}.AppStore|ARM.ActiveCfg = Release|Any CPU
		{727BF566-A4B2-4024-8FE7-2CB8858D213B}.AppStore|ARM.Build.0 = Release|Any CPU
		{727BF566-A4B2-4024-8FE7-2CB8858D213B}.AppStore|iPhone.ActiveCfg = Release|Any CPU
		{727BF566-A4B2-4024-8FE7-2CB8858D213B}.AppStore|iPhone.Build.0 = Release|Any CPU
		{727BF566-A4B2-4024-8FE7-2CB8858D213B}.AppStore|iPhoneSimulator.ActiveCfg = Release|Any CPU
		{727BF566-A4B2-4024-8FE7-2CB8858D213B}.AppStore|iPhoneSimulator.Build.0 = Release|Any CPU
		{727BF566-A4B2-4024-8FE7-2CB8858D213B}.AppStore|x64.ActiveCfg = Release|Any CPU
		{727BF566-A4B2-4024-8FE7-2CB8858D213B}.AppStore|x64.Build.0 = Release|Any CPU
		{727BF566-A4B2-4024-8FE7-2CB8858D213B}.AppStore|x86.ActiveCfg = Release|Any CPU
		{727BF566-A4B2-4024-8FE7-2CB8858D213B}.AppStore|x86.Build.0 = Release|Any CPU
		{727BF566-A4B2-4024-8FE7-2CB8858D213B}.Debug|Any CPU.ActiveCfg = Debug|Any CPU
		{727BF566-A4B2-4024-8FE7-2CB8858D213B}.Debug|Any CPU.Build.0 = Debug|Any CPU
		{727BF566-A4B2-4024-8FE7-2CB8858D213B}.Debug|ARM.ActiveCfg = Debug|Any CPU
		{727BF566-A4B2-4024-8FE7-2CB8858D213B}.Debug|ARM.Build.0 = Debug|Any CPU
		{727BF566-A4B2-4024-8FE7-2CB8858D213B}.Debug|iPhone.ActiveCfg = Debug|Any CPU
		{727BF566-A4B2-4024-8FE7-2CB8858D213B}.Debug|iPhone.Build.0 = Debug|Any CPU
		{727BF566-A4B2-4024-8FE7-2CB8858D213B}.Debug|iPhoneSimulator.ActiveCfg = Debug|Any CPU
		{727BF566-A4B2-4024-8FE7-2CB8858D213B}.Debug|iPhoneSimulator.Build.0 = Debug|Any CPU
		{727BF566-A4B2-4024-8FE7-2CB8858D213B}.Debug|x64.ActiveCfg = Debug|Any CPU
		{727BF566-A4B2-4024-8FE7-2CB8858D213B}.Debug|x64.Build.0 = Debug|Any CPU
		{727BF566-A4B2-4024-8FE7-2CB8858D213B}.Debug|x86.ActiveCfg = Debug|Any CPU
		{727BF566-A4B2-4024-8FE7-2CB8858D213B}.Debug|x86.Build.0 = Debug|Any CPU
		{727BF566-A4B2-4024-8FE7-2CB8858D213B}.Release|Any CPU.ActiveCfg = Release|Any CPU
		{727BF566-A4B2-4024-8FE7-2CB8858D213B}.Release|Any CPU.Build.0 = Release|Any CPU
		{727BF566-A4B2-4024-8FE7-2CB8858D213B}.Release|ARM.ActiveCfg = Release|Any CPU
		{727BF566-A4B2-4024-8FE7-2CB8858D213B}.Release|ARM.Build.0 = Release|Any CPU
		{727BF566-A4B2-4024-8FE7-2CB8858D213B}.Release|iPhone.ActiveCfg = Release|Any CPU
		{727BF566-A4B2-4024-8FE7-2CB8858D213B}.Release|iPhone.Build.0 = Release|Any CPU
		{727BF566-A4B2-4024-8FE7-2CB8858D213B}.Release|iPhoneSimulator.ActiveCfg = Release|Any CPU
		{727BF566-A4B2-4024-8FE7-2CB8858D213B}.Release|iPhoneSimulator.Build.0 = Release|Any CPU
		{727BF566-A4B2-4024-8FE7-2CB8858D213B}.Release|x64.ActiveCfg = Release|Any CPU
		{727BF566-A4B2-4024-8FE7-2CB8858D213B}.Release|x64.Build.0 = Release|Any CPU
		{727BF566-A4B2-4024-8FE7-2CB8858D213B}.Release|x86.ActiveCfg = Release|Any CPU
		{727BF566-A4B2-4024-8FE7-2CB8858D213B}.Release|x86.Build.0 = Release|Any CPU
		{0D880927-B824-4B2E-984A-87E8E679DBD6}.Ad-Hoc|Any CPU.ActiveCfg = Release|Any CPU
		{0D880927-B824-4B2E-984A-87E8E679DBD6}.Ad-Hoc|Any CPU.Build.0 = Release|Any CPU
		{0D880927-B824-4B2E-984A-87E8E679DBD6}.Ad-Hoc|Any CPU.Deploy.0 = Release|Any CPU
		{0D880927-B824-4B2E-984A-87E8E679DBD6}.Ad-Hoc|ARM.ActiveCfg = Release|Any CPU
		{0D880927-B824-4B2E-984A-87E8E679DBD6}.Ad-Hoc|ARM.Build.0 = Release|Any CPU
		{0D880927-B824-4B2E-984A-87E8E679DBD6}.Ad-Hoc|ARM.Deploy.0 = Release|Any CPU
		{0D880927-B824-4B2E-984A-87E8E679DBD6}.Ad-Hoc|iPhone.ActiveCfg = Release|Any CPU
		{0D880927-B824-4B2E-984A-87E8E679DBD6}.Ad-Hoc|iPhone.Build.0 = Release|Any CPU
		{0D880927-B824-4B2E-984A-87E8E679DBD6}.Ad-Hoc|iPhone.Deploy.0 = Release|Any CPU
		{0D880927-B824-4B2E-984A-87E8E679DBD6}.Ad-Hoc|iPhoneSimulator.ActiveCfg = Release|Any CPU
		{0D880927-B824-4B2E-984A-87E8E679DBD6}.Ad-Hoc|iPhoneSimulator.Build.0 = Release|Any CPU
		{0D880927-B824-4B2E-984A-87E8E679DBD6}.Ad-Hoc|iPhoneSimulator.Deploy.0 = Release|Any CPU
		{0D880927-B824-4B2E-984A-87E8E679DBD6}.Ad-Hoc|x64.ActiveCfg = Release|Any CPU
		{0D880927-B824-4B2E-984A-87E8E679DBD6}.Ad-Hoc|x64.Build.0 = Release|Any CPU
		{0D880927-B824-4B2E-984A-87E8E679DBD6}.Ad-Hoc|x64.Deploy.0 = Release|Any CPU
		{0D880927-B824-4B2E-984A-87E8E679DBD6}.Ad-Hoc|x86.ActiveCfg = Release|Any CPU
		{0D880927-B824-4B2E-984A-87E8E679DBD6}.Ad-Hoc|x86.Build.0 = Release|Any CPU
		{0D880927-B824-4B2E-984A-87E8E679DBD6}.Ad-Hoc|x86.Deploy.0 = Release|Any CPU
		{0D880927-B824-4B2E-984A-87E8E679DBD6}.AppStore|Any CPU.ActiveCfg = Release|Any CPU
		{0D880927-B824-4B2E-984A-87E8E679DBD6}.AppStore|Any CPU.Build.0 = Release|Any CPU
		{0D880927-B824-4B2E-984A-87E8E679DBD6}.AppStore|Any CPU.Deploy.0 = Release|Any CPU
		{0D880927-B824-4B2E-984A-87E8E679DBD6}.AppStore|ARM.ActiveCfg = Release|Any CPU
		{0D880927-B824-4B2E-984A-87E8E679DBD6}.AppStore|ARM.Build.0 = Release|Any CPU
		{0D880927-B824-4B2E-984A-87E8E679DBD6}.AppStore|ARM.Deploy.0 = Release|Any CPU
		{0D880927-B824-4B2E-984A-87E8E679DBD6}.AppStore|iPhone.ActiveCfg = Release|Any CPU
		{0D880927-B824-4B2E-984A-87E8E679DBD6}.AppStore|iPhone.Build.0 = Release|Any CPU
		{0D880927-B824-4B2E-984A-87E8E679DBD6}.AppStore|iPhone.Deploy.0 = Release|Any CPU
		{0D880927-B824-4B2E-984A-87E8E679DBD6}.AppStore|iPhoneSimulator.ActiveCfg = Release|Any CPU
		{0D880927-B824-4B2E-984A-87E8E679DBD6}.AppStore|iPhoneSimulator.Build.0 = Release|Any CPU
		{0D880927-B824-4B2E-984A-87E8E679DBD6}.AppStore|iPhoneSimulator.Deploy.0 = Release|Any CPU
		{0D880927-B824-4B2E-984A-87E8E679DBD6}.AppStore|x64.ActiveCfg = Release|Any CPU
		{0D880927-B824-4B2E-984A-87E8E679DBD6}.AppStore|x64.Build.0 = Release|Any CPU
		{0D880927-B824-4B2E-984A-87E8E679DBD6}.AppStore|x64.Deploy.0 = Release|Any CPU
		{0D880927-B824-4B2E-984A-87E8E679DBD6}.AppStore|x86.ActiveCfg = Release|Any CPU
		{0D880927-B824-4B2E-984A-87E8E679DBD6}.AppStore|x86.Build.0 = Release|Any CPU
		{0D880927-B824-4B2E-984A-87E8E679DBD6}.AppStore|x86.Deploy.0 = Release|Any CPU
		{0D880927-B824-4B2E-984A-87E8E679DBD6}.Debug|Any CPU.ActiveCfg = Debug|Any CPU
		{0D880927-B824-4B2E-984A-87E8E679DBD6}.Debug|Any CPU.Build.0 = Debug|Any CPU
		{0D880927-B824-4B2E-984A-87E8E679DBD6}.Debug|Any CPU.Deploy.0 = Debug|Any CPU
		{0D880927-B824-4B2E-984A-87E8E679DBD6}.Debug|ARM.ActiveCfg = Debug|Any CPU
		{0D880927-B824-4B2E-984A-87E8E679DBD6}.Debug|ARM.Build.0 = Debug|Any CPU
		{0D880927-B824-4B2E-984A-87E8E679DBD6}.Debug|ARM.Deploy.0 = Debug|Any CPU
		{0D880927-B824-4B2E-984A-87E8E679DBD6}.Debug|iPhone.ActiveCfg = Debug|Any CPU
		{0D880927-B824-4B2E-984A-87E8E679DBD6}.Debug|iPhone.Build.0 = Debug|Any CPU
		{0D880927-B824-4B2E-984A-87E8E679DBD6}.Debug|iPhone.Deploy.0 = Debug|Any CPU
		{0D880927-B824-4B2E-984A-87E8E679DBD6}.Debug|iPhoneSimulator.ActiveCfg = Debug|Any CPU
		{0D880927-B824-4B2E-984A-87E8E679DBD6}.Debug|iPhoneSimulator.Build.0 = Debug|Any CPU
		{0D880927-B824-4B2E-984A-87E8E679DBD6}.Debug|iPhoneSimulator.Deploy.0 = Debug|Any CPU
		{0D880927-B824-4B2E-984A-87E8E679DBD6}.Debug|x64.ActiveCfg = Debug|Any CPU
		{0D880927-B824-4B2E-984A-87E8E679DBD6}.Debug|x64.Build.0 = Debug|Any CPU
		{0D880927-B824-4B2E-984A-87E8E679DBD6}.Debug|x64.Deploy.0 = Debug|Any CPU
		{0D880927-B824-4B2E-984A-87E8E679DBD6}.Debug|x86.ActiveCfg = Debug|Any CPU
		{0D880927-B824-4B2E-984A-87E8E679DBD6}.Debug|x86.Build.0 = Debug|Any CPU
		{0D880927-B824-4B2E-984A-87E8E679DBD6}.Debug|x86.Deploy.0 = Debug|Any CPU
		{0D880927-B824-4B2E-984A-87E8E679DBD6}.Release|Any CPU.ActiveCfg = Release|Any CPU
		{0D880927-B824-4B2E-984A-87E8E679DBD6}.Release|Any CPU.Build.0 = Release|Any CPU
		{0D880927-B824-4B2E-984A-87E8E679DBD6}.Release|Any CPU.Deploy.0 = Release|Any CPU
		{0D880927-B824-4B2E-984A-87E8E679DBD6}.Release|ARM.ActiveCfg = Release|Any CPU
		{0D880927-B824-4B2E-984A-87E8E679DBD6}.Release|ARM.Build.0 = Release|Any CPU
		{0D880927-B824-4B2E-984A-87E8E679DBD6}.Release|ARM.Deploy.0 = Release|Any CPU
		{0D880927-B824-4B2E-984A-87E8E679DBD6}.Release|iPhone.ActiveCfg = Release|Any CPU
		{0D880927-B824-4B2E-984A-87E8E679DBD6}.Release|iPhone.Build.0 = Release|Any CPU
		{0D880927-B824-4B2E-984A-87E8E679DBD6}.Release|iPhone.Deploy.0 = Release|Any CPU
		{0D880927-B824-4B2E-984A-87E8E679DBD6}.Release|iPhoneSimulator.ActiveCfg = Release|Any CPU
		{0D880927-B824-4B2E-984A-87E8E679DBD6}.Release|iPhoneSimulator.Build.0 = Release|Any CPU
		{0D880927-B824-4B2E-984A-87E8E679DBD6}.Release|iPhoneSimulator.Deploy.0 = Release|Any CPU
		{0D880927-B824-4B2E-984A-87E8E679DBD6}.Release|x64.ActiveCfg = Release|Any CPU
		{0D880927-B824-4B2E-984A-87E8E679DBD6}.Release|x64.Build.0 = Release|Any CPU
		{0D880927-B824-4B2E-984A-87E8E679DBD6}.Release|x64.Deploy.0 = Release|Any CPU
		{0D880927-B824-4B2E-984A-87E8E679DBD6}.Release|x86.ActiveCfg = Release|Any CPU
		{0D880927-B824-4B2E-984A-87E8E679DBD6}.Release|x86.Build.0 = Release|Any CPU
		{0D880927-B824-4B2E-984A-87E8E679DBD6}.Release|x86.Deploy.0 = Release|Any CPU
		{BB15B18F-77FC-4791-A068-EC59BEA960A1}.Ad-Hoc|Any CPU.ActiveCfg = Ad-Hoc|iPhone
		{BB15B18F-77FC-4791-A068-EC59BEA960A1}.Ad-Hoc|ARM.ActiveCfg = Ad-Hoc|iPhone
		{BB15B18F-77FC-4791-A068-EC59BEA960A1}.Ad-Hoc|iPhone.ActiveCfg = Ad-Hoc|iPhone
		{BB15B18F-77FC-4791-A068-EC59BEA960A1}.Ad-Hoc|iPhone.Build.0 = Ad-Hoc|iPhone
		{BB15B18F-77FC-4791-A068-EC59BEA960A1}.Ad-Hoc|iPhoneSimulator.ActiveCfg = Ad-Hoc|iPhoneSimulator
		{BB15B18F-77FC-4791-A068-EC59BEA960A1}.Ad-Hoc|iPhoneSimulator.Build.0 = Ad-Hoc|iPhoneSimulator
		{BB15B18F-77FC-4791-A068-EC59BEA960A1}.Ad-Hoc|x64.ActiveCfg = Ad-Hoc|iPhone
		{BB15B18F-77FC-4791-A068-EC59BEA960A1}.Ad-Hoc|x86.ActiveCfg = Ad-Hoc|iPhone
		{BB15B18F-77FC-4791-A068-EC59BEA960A1}.AppStore|Any CPU.ActiveCfg = AppStore|iPhone
		{BB15B18F-77FC-4791-A068-EC59BEA960A1}.AppStore|ARM.ActiveCfg = AppStore|iPhone
		{BB15B18F-77FC-4791-A068-EC59BEA960A1}.AppStore|iPhone.ActiveCfg = AppStore|iPhone
		{BB15B18F-77FC-4791-A068-EC59BEA960A1}.AppStore|iPhone.Build.0 = AppStore|iPhone
		{BB15B18F-77FC-4791-A068-EC59BEA960A1}.AppStore|iPhoneSimulator.ActiveCfg = AppStore|iPhoneSimulator
		{BB15B18F-77FC-4791-A068-EC59BEA960A1}.AppStore|iPhoneSimulator.Build.0 = AppStore|iPhoneSimulator
		{BB15B18F-77FC-4791-A068-EC59BEA960A1}.AppStore|x64.ActiveCfg = AppStore|iPhone
		{BB15B18F-77FC-4791-A068-EC59BEA960A1}.AppStore|x86.ActiveCfg = AppStore|iPhone
		{BB15B18F-77FC-4791-A068-EC59BEA960A1}.Debug|Any CPU.ActiveCfg = Debug|iPhone
		{BB15B18F-77FC-4791-A068-EC59BEA960A1}.Debug|ARM.ActiveCfg = Debug|iPhone
		{BB15B18F-77FC-4791-A068-EC59BEA960A1}.Debug|iPhone.ActiveCfg = Debug|iPhone
		{BB15B18F-77FC-4791-A068-EC59BEA960A1}.Debug|iPhone.Build.0 = Debug|iPhone
		{BB15B18F-77FC-4791-A068-EC59BEA960A1}.Debug|iPhoneSimulator.ActiveCfg = Debug|iPhoneSimulator
		{BB15B18F-77FC-4791-A068-EC59BEA960A1}.Debug|iPhoneSimulator.Build.0 = Debug|iPhoneSimulator
		{BB15B18F-77FC-4791-A068-EC59BEA960A1}.Debug|x64.ActiveCfg = Debug|iPhone
		{BB15B18F-77FC-4791-A068-EC59BEA960A1}.Debug|x86.ActiveCfg = Debug|iPhone
		{BB15B18F-77FC-4791-A068-EC59BEA960A1}.Release|Any CPU.ActiveCfg = Release|iPhone
		{BB15B18F-77FC-4791-A068-EC59BEA960A1}.Release|ARM.ActiveCfg = Release|iPhone
		{BB15B18F-77FC-4791-A068-EC59BEA960A1}.Release|iPhone.ActiveCfg = Release|iPhone
		{BB15B18F-77FC-4791-A068-EC59BEA960A1}.Release|iPhone.Build.0 = Release|iPhone
		{BB15B18F-77FC-4791-A068-EC59BEA960A1}.Release|iPhoneSimulator.ActiveCfg = Release|iPhoneSimulator
		{BB15B18F-77FC-4791-A068-EC59BEA960A1}.Release|iPhoneSimulator.Build.0 = Release|iPhoneSimulator
		{BB15B18F-77FC-4791-A068-EC59BEA960A1}.Release|x64.ActiveCfg = Release|iPhone
		{BB15B18F-77FC-4791-A068-EC59BEA960A1}.Release|x86.ActiveCfg = Release|iPhone
		{6C157988-4699-4482-9B2D-069E9E85238E}.Ad-Hoc|Any CPU.ActiveCfg = Release|Any CPU
		{6C157988-4699-4482-9B2D-069E9E85238E}.Ad-Hoc|Any CPU.Build.0 = Release|Any CPU
		{6C157988-4699-4482-9B2D-069E9E85238E}.Ad-Hoc|Any CPU.Deploy.0 = Release|Any CPU
		{6C157988-4699-4482-9B2D-069E9E85238E}.Ad-Hoc|ARM.ActiveCfg = Release|ARM
		{6C157988-4699-4482-9B2D-069E9E85238E}.Ad-Hoc|ARM.Build.0 = Release|ARM
		{6C157988-4699-4482-9B2D-069E9E85238E}.Ad-Hoc|ARM.Deploy.0 = Release|ARM
		{6C157988-4699-4482-9B2D-069E9E85238E}.Ad-Hoc|iPhone.ActiveCfg = Release|Any CPU
		{6C157988-4699-4482-9B2D-069E9E85238E}.Ad-Hoc|iPhone.Build.0 = Release|Any CPU
		{6C157988-4699-4482-9B2D-069E9E85238E}.Ad-Hoc|iPhone.Deploy.0 = Release|Any CPU
		{6C157988-4699-4482-9B2D-069E9E85238E}.Ad-Hoc|iPhoneSimulator.ActiveCfg = Release|Any CPU
		{6C157988-4699-4482-9B2D-069E9E85238E}.Ad-Hoc|iPhoneSimulator.Build.0 = Release|Any CPU
		{6C157988-4699-4482-9B2D-069E9E85238E}.Ad-Hoc|iPhoneSimulator.Deploy.0 = Release|Any CPU
		{6C157988-4699-4482-9B2D-069E9E85238E}.Ad-Hoc|x64.ActiveCfg = Release|x64
		{6C157988-4699-4482-9B2D-069E9E85238E}.Ad-Hoc|x64.Build.0 = Release|x64
		{6C157988-4699-4482-9B2D-069E9E85238E}.Ad-Hoc|x64.Deploy.0 = Release|x64
		{6C157988-4699-4482-9B2D-069E9E85238E}.Ad-Hoc|x86.ActiveCfg = Release|x86
		{6C157988-4699-4482-9B2D-069E9E85238E}.Ad-Hoc|x86.Build.0 = Release|x86
		{6C157988-4699-4482-9B2D-069E9E85238E}.Ad-Hoc|x86.Deploy.0 = Release|x86
		{6C157988-4699-4482-9B2D-069E9E85238E}.AppStore|Any CPU.ActiveCfg = Release|Any CPU
		{6C157988-4699-4482-9B2D-069E9E85238E}.AppStore|Any CPU.Build.0 = Release|Any CPU
		{6C157988-4699-4482-9B2D-069E9E85238E}.AppStore|Any CPU.Deploy.0 = Release|Any CPU
		{6C157988-4699-4482-9B2D-069E9E85238E}.AppStore|ARM.ActiveCfg = Release|ARM
		{6C157988-4699-4482-9B2D-069E9E85238E}.AppStore|ARM.Build.0 = Release|ARM
		{6C157988-4699-4482-9B2D-069E9E85238E}.AppStore|ARM.Deploy.0 = Release|ARM
		{6C157988-4699-4482-9B2D-069E9E85238E}.AppStore|iPhone.ActiveCfg = Release|Any CPU
		{6C157988-4699-4482-9B2D-069E9E85238E}.AppStore|iPhone.Build.0 = Release|Any CPU
		{6C157988-4699-4482-9B2D-069E9E85238E}.AppStore|iPhone.Deploy.0 = Release|Any CPU
		{6C157988-4699-4482-9B2D-069E9E85238E}.AppStore|iPhoneSimulator.ActiveCfg = Release|Any CPU
		{6C157988-4699-4482-9B2D-069E9E85238E}.AppStore|iPhoneSimulator.Build.0 = Release|Any CPU
		{6C157988-4699-4482-9B2D-069E9E85238E}.AppStore|iPhoneSimulator.Deploy.0 = Release|Any CPU
		{6C157988-4699-4482-9B2D-069E9E85238E}.AppStore|x64.ActiveCfg = Release|x64
		{6C157988-4699-4482-9B2D-069E9E85238E}.AppStore|x64.Build.0 = Release|x64
		{6C157988-4699-4482-9B2D-069E9E85238E}.AppStore|x64.Deploy.0 = Release|x64
		{6C157988-4699-4482-9B2D-069E9E85238E}.AppStore|x86.ActiveCfg = Release|x86
		{6C157988-4699-4482-9B2D-069E9E85238E}.AppStore|x86.Build.0 = Release|x86
		{6C157988-4699-4482-9B2D-069E9E85238E}.AppStore|x86.Deploy.0 = Release|x86
		{6C157988-4699-4482-9B2D-069E9E85238E}.Debug|Any CPU.ActiveCfg = Debug|Any CPU
		{6C157988-4699-4482-9B2D-069E9E85238E}.Debug|Any CPU.Build.0 = Debug|Any CPU
		{6C157988-4699-4482-9B2D-069E9E85238E}.Debug|Any CPU.Deploy.0 = Debug|Any CPU
		{6C157988-4699-4482-9B2D-069E9E85238E}.Debug|ARM.ActiveCfg = Debug|ARM
		{6C157988-4699-4482-9B2D-069E9E85238E}.Debug|ARM.Build.0 = Debug|ARM
		{6C157988-4699-4482-9B2D-069E9E85238E}.Debug|ARM.Deploy.0 = Debug|ARM
		{6C157988-4699-4482-9B2D-069E9E85238E}.Debug|iPhone.ActiveCfg = Debug|Any CPU
		{6C157988-4699-4482-9B2D-069E9E85238E}.Debug|iPhone.Build.0 = Debug|Any CPU
		{6C157988-4699-4482-9B2D-069E9E85238E}.Debug|iPhone.Deploy.0 = Debug|Any CPU
		{6C157988-4699-4482-9B2D-069E9E85238E}.Debug|iPhoneSimulator.ActiveCfg = Debug|Any CPU
		{6C157988-4699-4482-9B2D-069E9E85238E}.Debug|iPhoneSimulator.Build.0 = Debug|Any CPU
		{6C157988-4699-4482-9B2D-069E9E85238E}.Debug|iPhoneSimulator.Deploy.0 = Debug|Any CPU
		{6C157988-4699-4482-9B2D-069E9E85238E}.Debug|x64.ActiveCfg = Debug|x64
		{6C157988-4699-4482-9B2D-069E9E85238E}.Debug|x64.Build.0 = Debug|x64
		{6C157988-4699-4482-9B2D-069E9E85238E}.Debug|x64.Deploy.0 = Debug|x64
		{6C157988-4699-4482-9B2D-069E9E85238E}.Debug|x86.ActiveCfg = Debug|x86
		{6C157988-4699-4482-9B2D-069E9E85238E}.Debug|x86.Build.0 = Debug|x86
		{6C157988-4699-4482-9B2D-069E9E85238E}.Debug|x86.Deploy.0 = Debug|x86
		{6C157988-4699-4482-9B2D-069E9E85238E}.Release|Any CPU.ActiveCfg = Release|Any CPU
		{6C157988-4699-4482-9B2D-069E9E85238E}.Release|Any CPU.Build.0 = Release|Any CPU
		{6C157988-4699-4482-9B2D-069E9E85238E}.Release|Any CPU.Deploy.0 = Release|Any CPU
		{6C157988-4699-4482-9B2D-069E9E85238E}.Release|ARM.ActiveCfg = Release|ARM
		{6C157988-4699-4482-9B2D-069E9E85238E}.Release|ARM.Build.0 = Release|ARM
		{6C157988-4699-4482-9B2D-069E9E85238E}.Release|ARM.Deploy.0 = Release|ARM
		{6C157988-4699-4482-9B2D-069E9E85238E}.Release|iPhone.ActiveCfg = Release|Any CPU
		{6C157988-4699-4482-9B2D-069E9E85238E}.Release|iPhone.Build.0 = Release|Any CPU
		{6C157988-4699-4482-9B2D-069E9E85238E}.Release|iPhone.Deploy.0 = Release|Any CPU
		{6C157988-4699-4482-9B2D-069E9E85238E}.Release|iPhoneSimulator.ActiveCfg = Release|Any CPU
		{6C157988-4699-4482-9B2D-069E9E85238E}.Release|iPhoneSimulator.Build.0 = Release|Any CPU
		{6C157988-4699-4482-9B2D-069E9E85238E}.Release|iPhoneSimulator.Deploy.0 = Release|Any CPU
		{6C157988-4699-4482-9B2D-069E9E85238E}.Release|x64.ActiveCfg = Release|x64
		{6C157988-4699-4482-9B2D-069E9E85238E}.Release|x64.Build.0 = Release|x64
		{6C157988-4699-4482-9B2D-069E9E85238E}.Release|x64.Deploy.0 = Release|x64
		{6C157988-4699-4482-9B2D-069E9E85238E}.Release|x86.ActiveCfg = Release|x86
		{6C157988-4699-4482-9B2D-069E9E85238E}.Release|x86.Build.0 = Release|x86
		{6C157988-4699-4482-9B2D-069E9E85238E}.Release|x86.Deploy.0 = Release|x86
		{5111A35E-3894-43BC-ACD5-152D5A716B52}.Ad-Hoc|Any CPU.ActiveCfg = Release|Any CPU
		{5111A35E-3894-43BC-ACD5-152D5A716B52}.Ad-Hoc|Any CPU.Build.0 = Release|Any CPU
		{5111A35E-3894-43BC-ACD5-152D5A716B52}.Ad-Hoc|Any CPU.Deploy.0 = Release|Any CPU
		{5111A35E-3894-43BC-ACD5-152D5A716B52}.Ad-Hoc|ARM.ActiveCfg = Release|ARM
		{5111A35E-3894-43BC-ACD5-152D5A716B52}.Ad-Hoc|ARM.Build.0 = Release|ARM
		{5111A35E-3894-43BC-ACD5-152D5A716B52}.Ad-Hoc|ARM.Deploy.0 = Release|ARM
		{5111A35E-3894-43BC-ACD5-152D5A716B52}.Ad-Hoc|iPhone.ActiveCfg = Release|Any CPU
		{5111A35E-3894-43BC-ACD5-152D5A716B52}.Ad-Hoc|iPhone.Build.0 = Release|Any CPU
		{5111A35E-3894-43BC-ACD5-152D5A716B52}.Ad-Hoc|iPhone.Deploy.0 = Release|Any CPU
		{5111A35E-3894-43BC-ACD5-152D5A716B52}.Ad-Hoc|iPhoneSimulator.ActiveCfg = Release|Any CPU
		{5111A35E-3894-43BC-ACD5-152D5A716B52}.Ad-Hoc|iPhoneSimulator.Build.0 = Release|Any CPU
		{5111A35E-3894-43BC-ACD5-152D5A716B52}.Ad-Hoc|iPhoneSimulator.Deploy.0 = Release|Any CPU
		{5111A35E-3894-43BC-ACD5-152D5A716B52}.Ad-Hoc|x64.ActiveCfg = Release|Any CPU
		{5111A35E-3894-43BC-ACD5-152D5A716B52}.Ad-Hoc|x64.Build.0 = Release|Any CPU
		{5111A35E-3894-43BC-ACD5-152D5A716B52}.Ad-Hoc|x64.Deploy.0 = Release|Any CPU
		{5111A35E-3894-43BC-ACD5-152D5A716B52}.Ad-Hoc|x86.ActiveCfg = Release|x86
		{5111A35E-3894-43BC-ACD5-152D5A716B52}.Ad-Hoc|x86.Build.0 = Release|x86
		{5111A35E-3894-43BC-ACD5-152D5A716B52}.Ad-Hoc|x86.Deploy.0 = Release|x86
		{5111A35E-3894-43BC-ACD5-152D5A716B52}.AppStore|Any CPU.ActiveCfg = Release|Any CPU
		{5111A35E-3894-43BC-ACD5-152D5A716B52}.AppStore|Any CPU.Build.0 = Release|Any CPU
		{5111A35E-3894-43BC-ACD5-152D5A716B52}.AppStore|Any CPU.Deploy.0 = Release|Any CPU
		{5111A35E-3894-43BC-ACD5-152D5A716B52}.AppStore|ARM.ActiveCfg = Release|ARM
		{5111A35E-3894-43BC-ACD5-152D5A716B52}.AppStore|ARM.Build.0 = Release|ARM
		{5111A35E-3894-43BC-ACD5-152D5A716B52}.AppStore|ARM.Deploy.0 = Release|ARM
		{5111A35E-3894-43BC-ACD5-152D5A716B52}.AppStore|iPhone.ActiveCfg = Release|Any CPU
		{5111A35E-3894-43BC-ACD5-152D5A716B52}.AppStore|iPhone.Build.0 = Release|Any CPU
		{5111A35E-3894-43BC-ACD5-152D5A716B52}.AppStore|iPhone.Deploy.0 = Release|Any CPU
		{5111A35E-3894-43BC-ACD5-152D5A716B52}.AppStore|iPhoneSimulator.ActiveCfg = Release|Any CPU
		{5111A35E-3894-43BC-ACD5-152D5A716B52}.AppStore|iPhoneSimulator.Build.0 = Release|Any CPU
		{5111A35E-3894-43BC-ACD5-152D5A716B52}.AppStore|iPhoneSimulator.Deploy.0 = Release|Any CPU
		{5111A35E-3894-43BC-ACD5-152D5A716B52}.AppStore|x64.ActiveCfg = Release|Any CPU
		{5111A35E-3894-43BC-ACD5-152D5A716B52}.AppStore|x64.Build.0 = Release|Any CPU
		{5111A35E-3894-43BC-ACD5-152D5A716B52}.AppStore|x64.Deploy.0 = Release|Any CPU
		{5111A35E-3894-43BC-ACD5-152D5A716B52}.AppStore|x86.ActiveCfg = Release|x86
		{5111A35E-3894-43BC-ACD5-152D5A716B52}.AppStore|x86.Build.0 = Release|x86
		{5111A35E-3894-43BC-ACD5-152D5A716B52}.AppStore|x86.Deploy.0 = Release|x86
		{5111A35E-3894-43BC-ACD5-152D5A716B52}.Debug|Any CPU.ActiveCfg = Debug|Any CPU
		{5111A35E-3894-43BC-ACD5-152D5A716B52}.Debug|Any CPU.Build.0 = Debug|Any CPU
		{5111A35E-3894-43BC-ACD5-152D5A716B52}.Debug|Any CPU.Deploy.0 = Debug|Any CPU
		{5111A35E-3894-43BC-ACD5-152D5A716B52}.Debug|ARM.ActiveCfg = Debug|ARM
		{5111A35E-3894-43BC-ACD5-152D5A716B52}.Debug|ARM.Build.0 = Debug|ARM
		{5111A35E-3894-43BC-ACD5-152D5A716B52}.Debug|ARM.Deploy.0 = Debug|ARM
		{5111A35E-3894-43BC-ACD5-152D5A716B52}.Debug|iPhone.ActiveCfg = Debug|Any CPU
		{5111A35E-3894-43BC-ACD5-152D5A716B52}.Debug|iPhone.Build.0 = Debug|Any CPU
		{5111A35E-3894-43BC-ACD5-152D5A716B52}.Debug|iPhone.Deploy.0 = Debug|Any CPU
		{5111A35E-3894-43BC-ACD5-152D5A716B52}.Debug|iPhoneSimulator.ActiveCfg = Debug|Any CPU
		{5111A35E-3894-43BC-ACD5-152D5A716B52}.Debug|iPhoneSimulator.Build.0 = Debug|Any CPU
		{5111A35E-3894-43BC-ACD5-152D5A716B52}.Debug|iPhoneSimulator.Deploy.0 = Debug|Any CPU
		{5111A35E-3894-43BC-ACD5-152D5A716B52}.Debug|x64.ActiveCfg = Debug|Any CPU
		{5111A35E-3894-43BC-ACD5-152D5A716B52}.Debug|x64.Build.0 = Debug|Any CPU
		{5111A35E-3894-43BC-ACD5-152D5A716B52}.Debug|x64.Deploy.0 = Debug|Any CPU
		{5111A35E-3894-43BC-ACD5-152D5A716B52}.Debug|x86.ActiveCfg = Debug|x86
		{5111A35E-3894-43BC-ACD5-152D5A716B52}.Debug|x86.Build.0 = Debug|x86
		{5111A35E-3894-43BC-ACD5-152D5A716B52}.Debug|x86.Deploy.0 = Debug|x86
		{5111A35E-3894-43BC-ACD5-152D5A716B52}.Release|Any CPU.ActiveCfg = Release|Any CPU
		{5111A35E-3894-43BC-ACD5-152D5A716B52}.Release|Any CPU.Build.0 = Release|Any CPU
		{5111A35E-3894-43BC-ACD5-152D5A716B52}.Release|Any CPU.Deploy.0 = Release|Any CPU
		{5111A35E-3894-43BC-ACD5-152D5A716B52}.Release|ARM.ActiveCfg = Release|ARM
		{5111A35E-3894-43BC-ACD5-152D5A716B52}.Release|ARM.Build.0 = Release|ARM
		{5111A35E-3894-43BC-ACD5-152D5A716B52}.Release|ARM.Deploy.0 = Release|ARM
		{5111A35E-3894-43BC-ACD5-152D5A716B52}.Release|iPhone.ActiveCfg = Release|Any CPU
		{5111A35E-3894-43BC-ACD5-152D5A716B52}.Release|iPhone.Build.0 = Release|Any CPU
		{5111A35E-3894-43BC-ACD5-152D5A716B52}.Release|iPhone.Deploy.0 = Release|Any CPU
		{5111A35E-3894-43BC-ACD5-152D5A716B52}.Release|iPhoneSimulator.ActiveCfg = Release|Any CPU
		{5111A35E-3894-43BC-ACD5-152D5A716B52}.Release|iPhoneSimulator.Build.0 = Release|Any CPU
		{5111A35E-3894-43BC-ACD5-152D5A716B52}.Release|iPhoneSimulator.Deploy.0 = Release|Any CPU
		{5111A35E-3894-43BC-ACD5-152D5A716B52}.Release|x64.ActiveCfg = Release|Any CPU
		{5111A35E-3894-43BC-ACD5-152D5A716B52}.Release|x64.Build.0 = Release|Any CPU
		{5111A35E-3894-43BC-ACD5-152D5A716B52}.Release|x64.Deploy.0 = Release|Any CPU
		{5111A35E-3894-43BC-ACD5-152D5A716B52}.Release|x86.ActiveCfg = Release|x86
		{5111A35E-3894-43BC-ACD5-152D5A716B52}.Release|x86.Build.0 = Release|x86
		{5111A35E-3894-43BC-ACD5-152D5A716B52}.Release|x86.Deploy.0 = Release|x86
	EndGlobalSection
	GlobalSection(SolutionProperties) = preSolution
		HideSolutionNode = FALSE
	EndGlobalSection
EndGlobal
